// !$*UTF8*$!
{
	archiveVersion = 1;
	classes = {
	};
	objectVersion = 56;
	objects = {

/* Begin PBXBuildFile section */
		83007ED32C5C7FB400FA48EA /* AlamofireDynamic in Frameworks */ = {isa = PBXBuildFile; productRef = 832EFA3A2C5A94A2008B7071 /* AlamofireDynamic */; };
		83007ED42C5C7FB400FA48EA /* SnapKit-Dynamic in Frameworks */ = {isa = PBXBuildFile; productRef = 832EFA3E2C5A94A5008B7071 /* SnapKit-Dynamic */; };
		83007ED62C5C805900FA48EA /* MediabaseAPI.swift in Sources */ = {isa = PBXBuildFile; fileRef = 83007ED52C5C805900FA48EA /* MediabaseAPI.swift */; };
		83007ED82C5D240B00FA48EA /* MediaTagCollectionViewCell.swift in Sources */ = {isa = PBXBuildFile; fileRef = 83007ED72C5D240B00FA48EA /* MediaTagCollectionViewCell.swift */; };
		832343812C546CB500D7A632 /* AppDelegate.swift in Sources */ = {isa = PBXBuildFile; fileRef = 832343802C546CB500D7A632 /* AppDelegate.swift */; };
		832343832C546CB500D7A632 /* SceneDelegate.swift in Sources */ = {isa = PBXBuildFile; fileRef = 832343822C546CB500D7A632 /* SceneDelegate.swift */; };
		8323438A2C546CB600D7A632 /* Assets.xcassets in Resources */ = {isa = PBXBuildFile; fileRef = 832343892C546CB600D7A632 /* Assets.xcassets */; };
		8323438D2C546CB600D7A632 /* Base in Resources */ = {isa = PBXBuildFile; fileRef = 8323438C2C546CB600D7A632 /* Base */; };
		832343952C546D0B00D7A632 /* MediaCollectionVC.swift in Sources */ = {isa = PBXBuildFile; fileRef = 832343942C546D0B00D7A632 /* MediaCollectionVC.swift */; };
		832343972C546D7600D7A632 /* MediaCollectionVC.storyboard in Resources */ = {isa = PBXBuildFile; fileRef = 832343962C546D7600D7A632 /* MediaCollectionVC.storyboard */; };
		8323439A2C54709A00D7A632 /* MediaCollectionThumbnailCell.swift in Sources */ = {isa = PBXBuildFile; fileRef = 832343992C54709A00D7A632 /* MediaCollectionThumbnailCell.swift */; };
		8323439C2C54711900D7A632 /* MediaCollectionViewModel.swift in Sources */ = {isa = PBXBuildFile; fileRef = 8323439B2C54711900D7A632 /* MediaCollectionViewModel.swift */; };
		832343A52C5480B400D7A632 /* SDWebImage in Frameworks */ = {isa = PBXBuildFile; productRef = 832343A42C5480B400D7A632 /* SDWebImage */; };
		832343A72C5480B400D7A632 /* SDWebImageMapKit in Frameworks */ = {isa = PBXBuildFile; productRef = 832343A62C5480B400D7A632 /* SDWebImageMapKit */; };
		832343AA2C54888700D7A632 /* MediaVC.swift in Sources */ = {isa = PBXBuildFile; fileRef = 832343A92C54888700D7A632 /* MediaVC.swift */; };
		832343AC2C5488A500D7A632 /* MediaVC.storyboard in Resources */ = {isa = PBXBuildFile; fileRef = 832343AB2C5488A500D7A632 /* MediaVC.storyboard */; };
		832343AE2C5488D900D7A632 /* MediaViewModel.swift in Sources */ = {isa = PBXBuildFile; fileRef = 832343AD2C5488D900D7A632 /* MediaViewModel.swift */; };
		832EFA352C5A940A008B7071 /* Alamofire in Frameworks */ = {isa = PBXBuildFile; productRef = 832EFA342C5A940A008B7071 /* Alamofire */; };
		832EFA382C5A9415008B7071 /* SnapKit in Frameworks */ = {isa = PBXBuildFile; productRef = 832EFA372C5A9415008B7071 /* SnapKit */; };
		832EFA3D2C5A94A2008B7071 /* AlamofireDynamic in Embed Frameworks */ = {isa = PBXBuildFile; productRef = 832EFA3A2C5A94A2008B7071 /* AlamofireDynamic */; settings = {ATTRIBUTES = (CodeSignOnCopy, ); }; };
		832EFA402C5A94A5008B7071 /* SnapKit-Dynamic in Embed Frameworks */ = {isa = PBXBuildFile; productRef = 832EFA3E2C5A94A5008B7071 /* SnapKit-Dynamic */; settings = {ATTRIBUTES = (CodeSignOnCopy, ); }; };
		83F9F5362C58746F00C8EE36 /* MediaNavigationController.swift in Sources */ = {isa = PBXBuildFile; fileRef = 83F9F5352C58746F00C8EE36 /* MediaNavigationController.swift */; };
		83F9F53E2C5A845900C8EE36 /* NIKEA.otf in Resources */ = {isa = PBXBuildFile; fileRef = 83F9F53D2C5A845900C8EE36 /* NIKEA.otf */; };
/* End PBXBuildFile section */

/* Begin PBXCopyFilesBuildPhase section */
		832EFA3C2C5A94A2008B7071 /* Embed Frameworks */ = {
			isa = PBXCopyFilesBuildPhase;
			buildActionMask = 2147483647;
			dstPath = "";
			dstSubfolderSpec = 10;
			files = (
				832EFA3D2C5A94A2008B7071 /* AlamofireDynamic in Embed Frameworks */,
				832EFA402C5A94A5008B7071 /* SnapKit-Dynamic in Embed Frameworks */,
			);
			name = "Embed Frameworks";
			runOnlyForDeploymentPostprocessing = 0;
		};
/* End PBXCopyFilesBuildPhase section */

/* Begin PBXFileReference section */
		83007ED52C5C805900FA48EA /* MediabaseAPI.swift */ = {isa = PBXFileReference; lastKnownFileType = sourcecode.swift; path = MediabaseAPI.swift; sourceTree = "<group>"; };
		83007ED72C5D240B00FA48EA /* MediaTagCollectionViewCell.swift */ = {isa = PBXFileReference; lastKnownFileType = sourcecode.swift; path = MediaTagCollectionViewCell.swift; sourceTree = "<group>"; };
		8323437D2C546CB500D7A632 /* mediabase.app */ = {isa = PBXFileReference; explicitFileType = wrapper.application; includeInIndex = 0; path = mediabase.app; sourceTree = BUILT_PRODUCTS_DIR; };
		832343802C546CB500D7A632 /* AppDelegate.swift */ = {isa = PBXFileReference; lastKnownFileType = sourcecode.swift; path = AppDelegate.swift; sourceTree = "<group>"; };
		832343822C546CB500D7A632 /* SceneDelegate.swift */ = {isa = PBXFileReference; lastKnownFileType = sourcecode.swift; path = SceneDelegate.swift; sourceTree = "<group>"; };
		832343892C546CB600D7A632 /* Assets.xcassets */ = {isa = PBXFileReference; lastKnownFileType = folder.assetcatalog; path = Assets.xcassets; sourceTree = "<group>"; };
		8323438C2C546CB600D7A632 /* Base */ = {isa = PBXFileReference; lastKnownFileType = file.storyboard; name = Base; path = Base.lproj/LaunchScreen.storyboard; sourceTree = "<group>"; };
		8323438E2C546CB600D7A632 /* Info.plist */ = {isa = PBXFileReference; lastKnownFileType = text.plist.xml; path = Info.plist; sourceTree = "<group>"; };
		832343942C546D0B00D7A632 /* MediaCollectionVC.swift */ = {isa = PBXFileReference; lastKnownFileType = sourcecode.swift; path = MediaCollectionVC.swift; sourceTree = "<group>"; };
		832343962C546D7600D7A632 /* MediaCollectionVC.storyboard */ = {isa = PBXFileReference; lastKnownFileType = file.storyboard; path = MediaCollectionVC.storyboard; sourceTree = "<group>"; };
		832343992C54709A00D7A632 /* MediaCollectionThumbnailCell.swift */ = {isa = PBXFileReference; lastKnownFileType = sourcecode.swift; path = MediaCollectionThumbnailCell.swift; sourceTree = "<group>"; };
		8323439B2C54711900D7A632 /* MediaCollectionViewModel.swift */ = {isa = PBXFileReference; lastKnownFileType = sourcecode.swift; path = MediaCollectionViewModel.swift; sourceTree = "<group>"; };
		832343A92C54888700D7A632 /* MediaVC.swift */ = {isa = PBXFileReference; lastKnownFileType = sourcecode.swift; path = MediaVC.swift; sourceTree = "<group>"; };
		832343AB2C5488A500D7A632 /* MediaVC.storyboard */ = {isa = PBXFileReference; lastKnownFileType = file.storyboard; path = MediaVC.storyboard; sourceTree = "<group>"; };
		832343AD2C5488D900D7A632 /* MediaViewModel.swift */ = {isa = PBXFileReference; lastKnownFileType = sourcecode.swift; path = MediaViewModel.swift; sourceTree = "<group>"; };
		83F9F5352C58746F00C8EE36 /* MediaNavigationController.swift */ = {isa = PBXFileReference; lastKnownFileType = sourcecode.swift; path = MediaNavigationController.swift; sourceTree = "<group>"; };
		83F9F53D2C5A845900C8EE36 /* NIKEA.otf */ = {isa = PBXFileReference; lastKnownFileType = file; path = NIKEA.otf; sourceTree = "<group>"; };
/* End PBXFileReference section */

/* Begin PBXFrameworksBuildPhase section */
		8323437A2C546CB500D7A632 /* Frameworks */ = {
			isa = PBXFrameworksBuildPhase;
			buildActionMask = 2147483647;
			files = (
				83007ED42C5C7FB400FA48EA /* SnapKit-Dynamic in Frameworks */,
				83007ED32C5C7FB400FA48EA /* AlamofireDynamic in Frameworks */,
				832EFA352C5A940A008B7071 /* Alamofire in Frameworks */,
				832EFA382C5A9415008B7071 /* SnapKit in Frameworks */,
				832343A72C5480B400D7A632 /* SDWebImageMapKit in Frameworks */,
				832343A52C5480B400D7A632 /* SDWebImage in Frameworks */,
			);
			runOnlyForDeploymentPostprocessing = 0;
		};
/* End PBXFrameworksBuildPhase section */

/* Begin PBXGroup section */
		832343742C546CB500D7A632 = {
			isa = PBXGroup;
			children = (
				8323437F2C546CB500D7A632 /* mediabase */,
				8323437E2C546CB500D7A632 /* Products */,
				832EFA392C5A94A2008B7071 /* Frameworks */,
			);
			sourceTree = "<group>";
		};
		8323437E2C546CB500D7A632 /* Products */ = {
			isa = PBXGroup;
			children = (
				8323437D2C546CB500D7A632 /* mediabase.app */,
			);
			name = Products;
			sourceTree = "<group>";
		};
		8323437F2C546CB500D7A632 /* mediabase */ = {
			isa = PBXGroup;
			children = (
				832343A02C54721900D7A632 /* Networking */,
				832343802C546CB500D7A632 /* AppDelegate.swift */,
				83F9F53C2C5A844300C8EE36 /* Resources */,
				832343822C546CB500D7A632 /* SceneDelegate.swift */,
				832343A82C54887100D7A632 /* MediaVC */,
				832343982C54707700D7A632 /* MediaCollectionVC */,
				8323438E2C546CB600D7A632 /* Info.plist */,
			);
			path = mediabase;
			sourceTree = "<group>";
		};
		832343982C54707700D7A632 /* MediaCollectionVC */ = {
			isa = PBXGroup;
			children = (
				832343942C546D0B00D7A632 /* MediaCollectionVC.swift */,
				832343962C546D7600D7A632 /* MediaCollectionVC.storyboard */,
				832343992C54709A00D7A632 /* MediaCollectionThumbnailCell.swift */,
				8323439B2C54711900D7A632 /* MediaCollectionViewModel.swift */,
				83F9F5352C58746F00C8EE36 /* MediaNavigationController.swift */,
			);
			path = MediaCollectionVC;
			sourceTree = "<group>";
		};
		832343A02C54721900D7A632 /* Networking */ = {
			isa = PBXGroup;
			children = (
				83007ED52C5C805900FA48EA /* MediabaseAPI.swift */,
			);
			path = Networking;
			sourceTree = "<group>";
		};
		832343A82C54887100D7A632 /* MediaVC */ = {
			isa = PBXGroup;
			children = (
				832343A92C54888700D7A632 /* MediaVC.swift */,
				83007ED72C5D240B00FA48EA /* MediaTagCollectionViewCell.swift */,
				832343AB2C5488A500D7A632 /* MediaVC.storyboard */,
				832343AD2C5488D900D7A632 /* MediaViewModel.swift */,
			);
			path = MediaVC;
			sourceTree = "<group>";
		};
		832EFA392C5A94A2008B7071 /* Frameworks */ = {
			isa = PBXGroup;
			children = (
			);
			name = Frameworks;
			sourceTree = "<group>";
		};
		83F9F53C2C5A844300C8EE36 /* Resources */ = {
			isa = PBXGroup;
			children = (
				83F9F53D2C5A845900C8EE36 /* NIKEA.otf */,
				8323438B2C546CB600D7A632 /* LaunchScreen.storyboard */,
				832343892C546CB600D7A632 /* Assets.xcassets */,
			);
			path = Resources;
			sourceTree = "<group>";
		};
/* End PBXGroup section */

/* Begin PBXNativeTarget section */
		8323437C2C546CB500D7A632 /* mediabase */ = {
			isa = PBXNativeTarget;
			buildConfigurationList = 832343912C546CB600D7A632 /* Build configuration list for PBXNativeTarget "mediabase" */;
			buildPhases = (
				832343792C546CB500D7A632 /* Sources */,
				8323437A2C546CB500D7A632 /* Frameworks */,
				8323437B2C546CB500D7A632 /* Resources */,
				832EFA3C2C5A94A2008B7071 /* Embed Frameworks */,
			);
			buildRules = (
			);
			dependencies = (
			);
			name = mediabase;
			packageProductDependencies = (
				832343A42C5480B400D7A632 /* SDWebImage */,
				832343A62C5480B400D7A632 /* SDWebImageMapKit */,
				832EFA342C5A940A008B7071 /* Alamofire */,
				832EFA372C5A9415008B7071 /* SnapKit */,
				832EFA3A2C5A94A2008B7071 /* AlamofireDynamic */,
				832EFA3E2C5A94A5008B7071 /* SnapKit-Dynamic */,
			);
			productName = photobase;
			productReference = 8323437D2C546CB500D7A632 /* mediabase.app */;
			productType = "com.apple.product-type.application";
		};
/* End PBXNativeTarget section */

/* Begin PBXProject section */
		832343752C546CB500D7A632 /* Project object */ = {
			isa = PBXProject;
			attributes = {
				BuildIndependentTargetsInParallel = 1;
				LastSwiftUpdateCheck = 1530;
				LastUpgradeCheck = 1530;
				TargetAttributes = {
					8323437C2C546CB500D7A632 = {
						CreatedOnToolsVersion = 15.3;
					};
				};
			};
			buildConfigurationList = 832343782C546CB500D7A632 /* Build configuration list for PBXProject "mediabase" */;
			compatibilityVersion = "Xcode 14.0";
			developmentRegion = en;
			hasScannedForEncodings = 0;
			knownRegions = (
				en,
				Base,
			);
			mainGroup = 832343742C546CB500D7A632;
			packageReferences = (
				832343A32C5480B300D7A632 /* XCRemoteSwiftPackageReference "SDWebImage" */,
				832EFA332C5A940A008B7071 /* XCRemoteSwiftPackageReference "Alamofire" */,
				832EFA362C5A9415008B7071 /* XCRemoteSwiftPackageReference "SnapKit" */,
			);
			productRefGroup = 8323437E2C546CB500D7A632 /* Products */;
			projectDirPath = "";
			projectRoot = "";
			targets = (
				8323437C2C546CB500D7A632 /* mediabase */,
			);
		};
/* End PBXProject section */

/* Begin PBXResourcesBuildPhase section */
		8323437B2C546CB500D7A632 /* Resources */ = {
			isa = PBXResourcesBuildPhase;
			buildActionMask = 2147483647;
			files = (
				832343AC2C5488A500D7A632 /* MediaVC.storyboard in Resources */,
				8323438A2C546CB600D7A632 /* Assets.xcassets in Resources */,
				8323438D2C546CB600D7A632 /* Base in Resources */,
				832343972C546D7600D7A632 /* MediaCollectionVC.storyboard in Resources */,
				83F9F53E2C5A845900C8EE36 /* NIKEA.otf in Resources */,
			);
			runOnlyForDeploymentPostprocessing = 0;
		};
/* End PBXResourcesBuildPhase section */

/* Begin PBXSourcesBuildPhase section */
		832343792C546CB500D7A632 /* Sources */ = {
			isa = PBXSourcesBuildPhase;
			buildActionMask = 2147483647;
			files = (
				83007ED82C5D240B00FA48EA /* MediaTagCollectionViewCell.swift in Sources */,
				83007ED62C5C805900FA48EA /* MediabaseAPI.swift in Sources */,
				832343952C546D0B00D7A632 /* MediaCollectionVC.swift in Sources */,
				832343812C546CB500D7A632 /* AppDelegate.swift in Sources */,
				832343832C546CB500D7A632 /* SceneDelegate.swift in Sources */,
				8323439A2C54709A00D7A632 /* MediaCollectionThumbnailCell.swift in Sources */,
				8323439C2C54711900D7A632 /* MediaCollectionViewModel.swift in Sources */,
				832343AE2C5488D900D7A632 /* MediaViewModel.swift in Sources */,
				83F9F5362C58746F00C8EE36 /* MediaNavigationController.swift in Sources */,
				832343AA2C54888700D7A632 /* MediaVC.swift in Sources */,
			);
			runOnlyForDeploymentPostprocessing = 0;
		};
/* End PBXSourcesBuildPhase section */

/* Begin PBXVariantGroup section */
		8323438B2C546CB600D7A632 /* LaunchScreen.storyboard */ = {
			isa = PBXVariantGroup;
			children = (
				8323438C2C546CB600D7A632 /* Base */,
			);
			name = LaunchScreen.storyboard;
			sourceTree = "<group>";
		};
/* End PBXVariantGroup section */

/* Begin XCBuildConfiguration section */
		8323438F2C546CB600D7A632 /* Debug */ = {
			isa = XCBuildConfiguration;
			buildSettings = {
				ALWAYS_SEARCH_USER_PATHS = NO;
				ASSETCATALOG_COMPILER_GENERATE_SWIFT_ASSET_SYMBOL_EXTENSIONS = YES;
				CLANG_ANALYZER_NONNULL = YES;
				CLANG_ANALYZER_NUMBER_OBJECT_CONVERSION = YES_AGGRESSIVE;
				CLANG_CXX_LANGUAGE_STANDARD = "gnu++20";
				CLANG_ENABLE_MODULES = YES;
				CLANG_ENABLE_OBJC_ARC = YES;
				CLANG_ENABLE_OBJC_WEAK = YES;
				CLANG_WARN_BLOCK_CAPTURE_AUTORELEASING = YES;
				CLANG_WARN_BOOL_CONVERSION = YES;
				CLANG_WARN_COMMA = YES;
				CLANG_WARN_CONSTANT_CONVERSION = YES;
				CLANG_WARN_DEPRECATED_OBJC_IMPLEMENTATIONS = YES;
				CLANG_WARN_DIRECT_OBJC_ISA_USAGE = YES_ERROR;
				CLANG_WARN_DOCUMENTATION_COMMENTS = YES;
				CLANG_WARN_EMPTY_BODY = YES;
				CLANG_WARN_ENUM_CONVERSION = YES;
				CLANG_WARN_INFINITE_RECURSION = YES;
				CLANG_WARN_INT_CONVERSION = YES;
				CLANG_WARN_NON_LITERAL_NULL_CONVERSION = YES;
				CLANG_WARN_OBJC_IMPLICIT_RETAIN_SELF = YES;
				CLANG_WARN_OBJC_LITERAL_CONVERSION = YES;
				CLANG_WARN_OBJC_ROOT_CLASS = YES_ERROR;
				CLANG_WARN_QUOTED_INCLUDE_IN_FRAMEWORK_HEADER = YES;
				CLANG_WARN_RANGE_LOOP_ANALYSIS = YES;
				CLANG_WARN_STRICT_PROTOTYPES = YES;
				CLANG_WARN_SUSPICIOUS_MOVE = YES;
				CLANG_WARN_UNGUARDED_AVAILABILITY = YES_AGGRESSIVE;
				CLANG_WARN_UNREACHABLE_CODE = YES;
				CLANG_WARN__DUPLICATE_METHOD_MATCH = YES;
				COPY_PHASE_STRIP = NO;
				DEBUG_INFORMATION_FORMAT = dwarf;
				ENABLE_STRICT_OBJC_MSGSEND = YES;
				ENABLE_TESTABILITY = YES;
				ENABLE_USER_SCRIPT_SANDBOXING = YES;
				GCC_C_LANGUAGE_STANDARD = gnu17;
				GCC_DYNAMIC_NO_PIC = NO;
				GCC_NO_COMMON_BLOCKS = YES;
				GCC_OPTIMIZATION_LEVEL = 0;
				GCC_PREPROCESSOR_DEFINITIONS = (
					"DEBUG=1",
					"$(inherited)",
				);
				GCC_WARN_64_TO_32_BIT_CONVERSION = YES;
				GCC_WARN_ABOUT_RETURN_TYPE = YES_ERROR;
				GCC_WARN_UNDECLARED_SELECTOR = YES;
				GCC_WARN_UNINITIALIZED_AUTOS = YES_AGGRESSIVE;
				GCC_WARN_UNUSED_FUNCTION = YES;
				GCC_WARN_UNUSED_VARIABLE = YES;
				IPHONEOS_DEPLOYMENT_TARGET = 17.4;
				LOCALIZATION_PREFERS_STRING_CATALOGS = YES;
				MTL_ENABLE_DEBUG_INFO = INCLUDE_SOURCE;
				MTL_FAST_MATH = YES;
				ONLY_ACTIVE_ARCH = YES;
				SDKROOT = iphoneos;
				SWIFT_ACTIVE_COMPILATION_CONDITIONS = "DEBUG $(inherited)";
				SWIFT_OPTIMIZATION_LEVEL = "-Onone";
			};
			name = Debug;
		};
		832343902C546CB600D7A632 /* Release */ = {
			isa = XCBuildConfiguration;
			buildSettings = {
				ALWAYS_SEARCH_USER_PATHS = NO;
				ASSETCATALOG_COMPILER_GENERATE_SWIFT_ASSET_SYMBOL_EXTENSIONS = YES;
				CLANG_ANALYZER_NONNULL = YES;
				CLANG_ANALYZER_NUMBER_OBJECT_CONVERSION = YES_AGGRESSIVE;
				CLANG_CXX_LANGUAGE_STANDARD = "gnu++20";
				CLANG_ENABLE_MODULES = YES;
				CLANG_ENABLE_OBJC_ARC = YES;
				CLANG_ENABLE_OBJC_WEAK = YES;
				CLANG_WARN_BLOCK_CAPTURE_AUTORELEASING = YES;
				CLANG_WARN_BOOL_CONVERSION = YES;
				CLANG_WARN_COMMA = YES;
				CLANG_WARN_CONSTANT_CONVERSION = YES;
				CLANG_WARN_DEPRECATED_OBJC_IMPLEMENTATIONS = YES;
				CLANG_WARN_DIRECT_OBJC_ISA_USAGE = YES_ERROR;
				CLANG_WARN_DOCUMENTATION_COMMENTS = YES;
				CLANG_WARN_EMPTY_BODY = YES;
				CLANG_WARN_ENUM_CONVERSION = YES;
				CLANG_WARN_INFINITE_RECURSION = YES;
				CLANG_WARN_INT_CONVERSION = YES;
				CLANG_WARN_NON_LITERAL_NULL_CONVERSION = YES;
				CLANG_WARN_OBJC_IMPLICIT_RETAIN_SELF = YES;
				CLANG_WARN_OBJC_LITERAL_CONVERSION = YES;
				CLANG_WARN_OBJC_ROOT_CLASS = YES_ERROR;
				CLANG_WARN_QUOTED_INCLUDE_IN_FRAMEWORK_HEADER = YES;
				CLANG_WARN_RANGE_LOOP_ANALYSIS = YES;
				CLANG_WARN_STRICT_PROTOTYPES = YES;
				CLANG_WARN_SUSPICIOUS_MOVE = YES;
				CLANG_WARN_UNGUARDED_AVAILABILITY = YES_AGGRESSIVE;
				CLANG_WARN_UNREACHABLE_CODE = YES;
				CLANG_WARN__DUPLICATE_METHOD_MATCH = YES;
				COPY_PHASE_STRIP = NO;
				DEBUG_INFORMATION_FORMAT = "dwarf-with-dsym";
				ENABLE_NS_ASSERTIONS = NO;
				ENABLE_STRICT_OBJC_MSGSEND = YES;
				ENABLE_USER_SCRIPT_SANDBOXING = YES;
				GCC_C_LANGUAGE_STANDARD = gnu17;
				GCC_NO_COMMON_BLOCKS = YES;
				GCC_WARN_64_TO_32_BIT_CONVERSION = YES;
				GCC_WARN_ABOUT_RETURN_TYPE = YES_ERROR;
				GCC_WARN_UNDECLARED_SELECTOR = YES;
				GCC_WARN_UNINITIALIZED_AUTOS = YES_AGGRESSIVE;
				GCC_WARN_UNUSED_FUNCTION = YES;
				GCC_WARN_UNUSED_VARIABLE = YES;
				INFOPLIST_KEY_UIMainStoryboardFile = "";
				IPHONEOS_DEPLOYMENT_TARGET = 17.4;
				LOCALIZATION_PREFERS_STRING_CATALOGS = YES;
				MTL_ENABLE_DEBUG_INFO = NO;
				MTL_FAST_MATH = YES;
				SDKROOT = iphoneos;
				SWIFT_COMPILATION_MODE = wholemodule;
				VALIDATE_PRODUCT = YES;
			};
			name = Release;
		};
		832343922C546CB600D7A632 /* Debug */ = {
			isa = XCBuildConfiguration;
			buildSettings = {
				ASSETCATALOG_COMPILER_APPICON_NAME = AppIcon;
				ASSETCATALOG_COMPILER_GLOBAL_ACCENT_COLOR_NAME = AccentColor;
				CODE_SIGN_STYLE = Automatic;
				CURRENT_PROJECT_VERSION = 1;
				DEVELOPMENT_TEAM = XMMLGH5VMA;
				GENERATE_INFOPLIST_FILE = YES;
				INFOPLIST_FILE = mediabase/Info.plist;
				INFOPLIST_KEY_CFBundleDisplayName = Mediabase;
				INFOPLIST_KEY_LSApplicationCategoryType = "public.app-category.photography";
				INFOPLIST_KEY_UIApplicationSupportsIndirectInputEvents = YES;
				INFOPLIST_KEY_UILaunchStoryboardName = LaunchScreen;
				INFOPLIST_KEY_UIMainStoryboardFile = MediaCollectionVC;
				INFOPLIST_KEY_UISupportedInterfaceOrientations_iPad = "UIInterfaceOrientationPortrait UIInterfaceOrientationPortraitUpsideDown UIInterfaceOrientationLandscapeLeft UIInterfaceOrientationLandscapeRight";
				INFOPLIST_KEY_UISupportedInterfaceOrientations_iPhone = "UIInterfaceOrientationPortrait UIInterfaceOrientationLandscapeLeft UIInterfaceOrientationLandscapeRight";
				IPHONEOS_DEPLOYMENT_TARGET = 17.0;
				LD_RUNPATH_SEARCH_PATHS = (
					"$(inherited)",
					"@executable_path/Frameworks",
				);
				MARKETING_VERSION = 1.0;
				PRODUCT_BUNDLE_IDENTIFIER = com.leandrinux.mediabase;
				PRODUCT_NAME = "$(TARGET_NAME)";
				SWIFT_EMIT_LOC_STRINGS = YES;
				SWIFT_VERSION = 5.0;
				TARGETED_DEVICE_FAMILY = "1,2";
			};
			name = Debug;
		};
		832343932C546CB600D7A632 /* Release */ = {
			isa = XCBuildConfiguration;
			buildSettings = {
				ASSETCATALOG_COMPILER_APPICON_NAME = AppIcon;
				ASSETCATALOG_COMPILER_GLOBAL_ACCENT_COLOR_NAME = AccentColor;
				CODE_SIGN_STYLE = Automatic;
				CURRENT_PROJECT_VERSION = 1;
				DEVELOPMENT_TEAM = XMMLGH5VMA;
				GENERATE_INFOPLIST_FILE = YES;
				INFOPLIST_FILE = mediabase/Info.plist;
				INFOPLIST_KEY_CFBundleDisplayName = Mediabase;
				INFOPLIST_KEY_LSApplicationCategoryType = "public.app-category.photography";
				INFOPLIST_KEY_UIApplicationSupportsIndirectInputEvents = YES;
				INFOPLIST_KEY_UILaunchStoryboardName = LaunchScreen;
				INFOPLIST_KEY_UIMainStoryboardFile = MediaCollectionVC;
				INFOPLIST_KEY_UISupportedInterfaceOrientations_iPad = "UIInterfaceOrientationPortrait UIInterfaceOrientationPortraitUpsideDown UIInterfaceOrientationLandscapeLeft UIInterfaceOrientationLandscapeRight";
				INFOPLIST_KEY_UISupportedInterfaceOrientations_iPhone = "UIInterfaceOrientationPortrait UIInterfaceOrientationLandscapeLeft UIInterfaceOrientationLandscapeRight";
				IPHONEOS_DEPLOYMENT_TARGET = 17.0;
				LD_RUNPATH_SEARCH_PATHS = (
					"$(inherited)",
					"@executable_path/Frameworks",
				);
				MARKETING_VERSION = 1.0;
				PRODUCT_BUNDLE_IDENTIFIER = com.leandrinux.mediabase;
				PRODUCT_NAME = "$(TARGET_NAME)";
				SWIFT_EMIT_LOC_STRINGS = YES;
				SWIFT_VERSION = 5.0;
				TARGETED_DEVICE_FAMILY = "1,2";
			};
			name = Release;
		};
/* End XCBuildConfiguration section */

/* Begin XCConfigurationList section */
		832343782C546CB500D7A632 /* Build configuration list for PBXProject "mediabase" */ = {
			isa = XCConfigurationList;
			buildConfigurations = (
				8323438F2C546CB600D7A632 /* Debug */,
				832343902C546CB600D7A632 /* Release */,
			);
			defaultConfigurationIsVisible = 0;
			defaultConfigurationName = Release;
		};
		832343912C546CB600D7A632 /* Build configuration list for PBXNativeTarget "mediabase" */ = {
			isa = XCConfigurationList;
			buildConfigurations = (
				832343922C546CB600D7A632 /* Debug */,
				832343932C546CB600D7A632 /* Release */,
			);
			defaultConfigurationIsVisible = 0;
			defaultConfigurationName = Release;
		};
/* End XCConfigurationList section */

/* Begin XCRemoteSwiftPackageReference section */
		832343A32C5480B300D7A632 /* XCRemoteSwiftPackageReference "SDWebImage" */ = {
			isa = XCRemoteSwiftPackageReference;
			repositoryURL = "https://github.com/SDWebImage/SDWebImage.git";
			requirement = {
				kind = upToNextMajorVersion;
				minimumVersion = 5.19.5;
			};
		};
		832EFA332C5A940A008B7071 /* XCRemoteSwiftPackageReference "Alamofire" */ = {
			isa = XCRemoteSwiftPackageReference;
			repositoryURL = "https://github.com/Alamofire/Alamofire.git";
			requirement = {
				kind = upToNextMajorVersion;
				minimumVersion = 5.9.1;
			};
		};
		832EFA362C5A9415008B7071 /* XCRemoteSwiftPackageReference "SnapKit" */ = {
			isa = XCRemoteSwiftPackageReference;
			repositoryURL = "https://github.com/SnapKit/SnapKit.git";
			requirement = {
				kind = upToNextMajorVersion;
				minimumVersion = 5.7.1;
			};
		};
/* End XCRemoteSwiftPackageReference section */

/* Begin XCSwiftPackageProductDependency section */
		832343A42C5480B400D7A632 /* SDWebImage */ = {
			isa = XCSwiftPackageProductDependency;
			package = 832343A32C5480B300D7A632 /* XCRemoteSwiftPackageReference "SDWebImage" */;
			productName = SDWebImage;
		};
		832343A62C5480B400D7A632 /* SDWebImageMapKit */ = {
			isa = XCSwiftPackageProductDependency;
			package = 832343A32C5480B300D7A632 /* XCRemoteSwiftPackageReference "SDWebImage" */;
			productName = SDWebImageMapKit;
		};
		832EFA342C5A940A008B7071 /* Alamofire */ = {
			isa = XCSwiftPackageProductDependency;
			package = 832EFA332C5A940A008B7071 /* XCRemoteSwiftPackageReference "Alamofire" */;
			productName = Alamofire;
		};
		832EFA372C5A9415008B7071 /* SnapKit */ = {
			isa = XCSwiftPackageProductDependency;
			package = 832EFA362C5A9415008B7071 /* XCRemoteSwiftPackageReference "SnapKit" */;
			productName = SnapKit;
		};
		832EFA3A2C5A94A2008B7071 /* AlamofireDynamic */ = {
			isa = XCSwiftPackageProductDependency;
			package = 832EFA332C5A940A008B7071 /* XCRemoteSwiftPackageReference "Alamofire" */;
			productName = AlamofireDynamic;
		};
		832EFA3E2C5A94A5008B7071 /* SnapKit-Dynamic */ = {
			isa = XCSwiftPackageProductDependency;
			package = 832EFA362C5A9415008B7071 /* XCRemoteSwiftPackageReference "SnapKit" */;
			productName = "SnapKit-Dynamic";
		};
/* End XCSwiftPackageProductDependency section */
	};
	rootObject = 832343752C546CB500D7A632 /* Project object */;
}
